
Microsoft Visual Studio Solution File, Format Version 11.00
# Visual Studio 2010
Project("{FAE04EC0-301F-11D3-BF4B-00C04F79EFBC}") = "Use_team09_Repository", "Assembly-CSharp-firstpass.csproj", "{8F4D4969-DDE6-7B74-0F26-FE8B8BED74FA}"
EndProject
Project("{FAE04EC0-301F-11D3-BF4B-00C04F79EFBC}") = "Use_team09_Repository", "Assembly-CSharp.csproj", "{B9E63AEA-F83A-F29B-0136-CCF5F75E6CEE}"
EndProject
Global
	GlobalSection(SolutionConfigurationPlatforms) = preSolution
		Debug|Any CPU = Debug|Any CPU
		Release|Any CPU = Release|Any CPU
	EndGlobalSection
	GlobalSection(ProjectConfigurationPlatforms) = postSolution
		{8F4D4969-DDE6-7B74-0F26-FE8B8BED74FA}.Debug|Any CPU.ActiveCfg = Debug|Any CPU
		{8F4D4969-DDE6-7B74-0F26-FE8B8BED74FA}.Debug|Any CPU.Build.0 = Debug|Any CPU
		{8F4D4969-DDE6-7B74-0F26-FE8B8BED74FA}.Release|Any CPU.ActiveCfg = Release|Any CPU
		{8F4D4969-DDE6-7B74-0F26-FE8B8BED74FA}.Release|Any CPU.Build.0 = Release|Any CPU
		{B9E63AEA-F83A-F29B-0136-CCF5F75E6CEE}.Debug|Any CPU.ActiveCfg = Debug|Any CPU
		{B9E63AEA-F83A-F29B-0136-CCF5F75E6CEE}.Debug|Any CPU.Build.0 = Debug|Any CPU
		{B9E63AEA-F83A-F29B-0136-CCF5F75E6CEE}.Release|Any CPU.ActiveCfg = Release|Any CPU
		{B9E63AEA-F83A-F29B-0136-CCF5F75E6CEE}.Release|Any CPU.Build.0 = Release|Any CPU
	EndGlobalSection
	GlobalSection(SolutionProperties) = preSolution
		HideSolutionNode = FALSE
	EndGlobalSection
	GlobalSection(MonoDevelopProperties) = preSolution
		StartupItem = Assembly-CSharp.csproj
	EndGlobalSection
EndGlobal
